# THIS IS AN AUTOGENERATED FILE. DO NOT EDIT THIS FILE DIRECTLY.
assets/theme.scss.liquid:
  development: 2018-02-23T19:52:21-05:00   9961957458c8fcc48f73f73d0f4cff28
config/settings_data.json:
  development: 2018-02-22T18:23:00-05:00   e7de5651aeefd7d2226ec944d5b6fc32
layout/theme.liquid:
  development: 2018-02-23T17:04:17-05:00   d83a0285f431a73ab2dca2a2d0aba1de
sections/video-gallery.liquid:
  development: 2018-02-23T19:16:17-05:00   9ad049d616e3808beee066d8d8cc77c5
templates/page.video.liquid:
  development: 2018-02-22T20:08:35-05:00   97e8df3c9cacf8acf87dc6c631afe01d
